
Microsoft Visual Studio Solution File, Format Version 12.00
# Visual Studio Version 17
VisualStudioVersion = 17.0.31919.166
MinimumVisualStudioVersion = 10.0.40219.1
Project("{9A19103F-16F7-4668-BE54-9A1E7A4F7556}") = "ConvercionPortal", "ConvercionPortal\ConvercionPortal.csproj", "{43BD3B6D-44D8-487C-ABD0-0C955A43D813}"
EndProject
Project("{9A19103F-16F7-4668-BE54-9A1E7A4F7556}") = "ConvercionPortal.Models", "ConvercionPortal.Models\ConvercionPortal.Models.csproj", "{FA8AC354-834C-45EE-8EAD-8A1C3144451A}"
EndProject
Project("{9A19103F-16F7-4668-BE54-9A1E7A4F7556}") = "ConvercionPortal.Services", "ConvercionPortal.Services\ConvercionPortal.Services.csproj", "{4A7F44F0-48B1-4622-802A-100D0850665C}"
EndProject
Project("{FAE04EC0-301F-11D3-BF4B-00C04F79EFBC}") = "ServicesUtils", "ServicesUtils\ServicesUtils.csproj", "{D91FCD04-19F4-4A01-A89B-96DBF930448C}"
EndProject
Global
	GlobalSection(SolutionConfigurationPlatforms) = preSolution
		Debug|Any CPU = Debug|Any CPU
		Release|Any CPU = Release|Any CPU
	EndGlobalSection
	GlobalSection(ProjectConfigurationPlatforms) = postSolution
		{43BD3B6D-44D8-487C-ABD0-0C955A43D813}.Debug|Any CPU.ActiveCfg = Debug|Any CPU
		{43BD3B6D-44D8-487C-ABD0-0C955A43D813}.Debug|Any CPU.Build.0 = Debug|Any CPU
		{43BD3B6D-44D8-487C-ABD0-0C955A43D813}.Release|Any CPU.ActiveCfg = Release|Any CPU
		{43BD3B6D-44D8-487C-ABD0-0C955A43D813}.Release|Any CPU.Build.0 = Release|Any CPU
		{FA8AC354-834C-45EE-8EAD-8A1C3144451A}.Debug|Any CPU.ActiveCfg = Debug|Any CPU
		{FA8AC354-834C-45EE-8EAD-8A1C3144451A}.Debug|Any CPU.Build.0 = Debug|Any CPU
		{FA8AC354-834C-45EE-8EAD-8A1C3144451A}.Release|Any CPU.ActiveCfg = Release|Any CPU
		{FA8AC354-834C-45EE-8EAD-8A1C3144451A}.Release|Any CPU.Build.0 = Release|Any CPU
		{4A7F44F0-48B1-4622-802A-100D0850665C}.Debug|Any CPU.ActiveCfg = Debug|Any CPU
		{4A7F44F0-48B1-4622-802A-100D0850665C}.Debug|Any CPU.Build.0 = Debug|Any CPU
		{4A7F44F0-48B1-4622-802A-100D0850665C}.Release|Any CPU.ActiveCfg = Release|Any CPU
		{4A7F44F0-48B1-4622-802A-100D0850665C}.Release|Any CPU.Build.0 = Release|Any CPU
		{D91FCD04-19F4-4A01-A89B-96DBF930448C}.Debug|Any CPU.ActiveCfg = Debug|Any CPU
		{D91FCD04-19F4-4A01-A89B-96DBF930448C}.Debug|Any CPU.Build.0 = Debug|Any CPU
		{D91FCD04-19F4-4A01-A89B-96DBF930448C}.Release|Any CPU.ActiveCfg = Release|Any CPU
		{D91FCD04-19F4-4A01-A89B-96DBF930448C}.Release|Any CPU.Build.0 = Release|Any CPU
	EndGlobalSection
	GlobalSection(SolutionProperties) = preSolution
		HideSolutionNode = FALSE
	EndGlobalSection
	GlobalSection(ExtensibilityGlobals) = postSolution
		SolutionGuid = {0056E680-907C-4980-96C8-E872621A30FE}
	EndGlobalSection
EndGlobal
